<?xml version="1.0" encoding="utf-8"?>
<Project ToolsVersion="4.0" xmlns="http://schemas.microsoft.com/developer/msbuild/2003">
  <ItemGroup>
    <Filter Include="Source files">
      <UniqueIdentifier>{fe5dc944-9afe-478f-b39c-abcb6d3dd2cc}</UniqueIdentifier>
      <Extensions>cpp;c;cc;cxx;def;odl;idl;hpj;bat;asm;asmx</Extensions>
    </Filter>
    <Filter Include="Header files">
      <UniqueIdentifier>{9587009f-0968-40cb-8c84-9c121ae5d6ac}</UniqueIdentifier>
      <Extensions>h;hpp;hxx;hm;inl;inc;xsd</Extensions>
    </Filter>
    <Filter Include="Resource files">
      <UniqueIdentifier>{45da2499-34a3-44d1-9d08-e133e0d06024}</UniqueIdentifier>
      <Extensions>rc;ico;cur;bmp;dlg;rc2;rct;bin;rgs;gif;jpg;jpeg;jpe;resx;tiff;tif;png;wav</Extensions>
    </Filter>
    <Filter Include="Source files\Device-specific files">
      <UniqueIdentifier>{a1637992-c164-4967-826d-894d5c1a9296}</UniqueIdentifier>
    </Filter>
    <Filter Include="Header files\Device-specific files">
      <UniqueIdentifier>{3e69620e-854d-401f-9e07-892b503e8b7b}</UniqueIdentifier>
    </Filter>
    <Filter Include="VisualGDB settings">
      <UniqueIdentifier>{8bba37e9-3030-4650-8674-0434974ad224}</UniqueIdentifier>
    </Filter>
  </ItemGroup>
  <ItemGroup>
    <None Include="stm32.props">
      <Filter>Source files\Device-specific files</Filter>
    </None>
    <None Include="M7-Debug.vgdbsettings">
      <Filter>VisualGDB settings</Filter>
    </None>
    <None Include="M7-Release.vgdbsettings">
      <Filter>VisualGDB settings</Filter>
    </None>
    <None Include="stm32.xml">
      <Filter>VisualGDB settings</Filter>
    </None>
  </ItemGroup>
  <ItemGroup>
    <ClCompile Include="Code\m7_main.cpp">
      <Filter>Source files</Filter>
    </ClCompile>
    <ClCompile Include="Code\m7_startup_stm32h745xx.c">
      <Filter>Source files</Filter>
    </ClCompile>
    <ClCompile Include="Code\sys\system.cpp">
      <Filter>Source files</Filter>
    </ClCompile>
    <ClCompile Include="Code\sys\src\gpio.cpp">
      <Filter>Source files</Filter>
    </ClCompile>
  </ItemGroup>
  <ItemGroup>
    <LinkerScript Include="Code\m7_STM32H745ZI_flash.lds" />
  </ItemGroup>
  <ItemGroup>
    <ClInclude Include="Code\sys\inc\cmsis_gcc.h">
      <Filter>Header files</Filter>
    </ClInclude>
    <ClInclude Include="Code\sys\inc\core_cm4.h">
      <Filter>Header files</Filter>
    </ClInclude>
    <ClInclude Include="Code\sys\inc\core_cm7.h">
      <Filter>Header files</Filter>
    </ClInclude>
    <ClInclude Include="Code\sys\inc\core_cmFunc.h">
      <Filter>Header files</Filter>
    </ClInclude>
    <ClInclude Include="Code\sys\inc\core_cmInstr.h">
      <Filter>Header files</Filter>
    </ClInclude>
    <ClInclude Include="Code\sys\inc\core_cmSimd.h">
      <Filter>Header files</Filter>
    </ClInclude>
    <ClInclude Include="Code\sys\inc\stm32h745xx.h">
      <Filter>Header files</Filter>
    </ClInclude>
    <ClInclude Include="Code\sys\inc\stm32h7xx.h">
      <Filter>Header files</Filter>
    </ClInclude>
    <ClInclude Include="Code\sys\system.h">
      <Filter>Header files</Filter>
    </ClInclude>
    <ClInclude Include="Code\sys\inc\gpio.h">
      <Filter>Header files</Filter>
    </ClInclude>
  </ItemGroup>
</Project>